# This file is automatically @generated by Cargo.
# It is not intended for manual editing.
version = 3

[[package]]
name = "director"
version = "0.2.0"
dependencies = [
 "director_core 0.2.0 (registry+https://github.com/rust-lang/crates.io-index)",
 "lazy_static",
]

[[package]]
name = "director_core"
version = "0.2.0"
dependencies = [
 "director_macros 0.2.0 (registry+https://github.com/rust-lang/crates.io-index)",
 "lazy_static",
 "paste",
]

[[package]]
name = "director_core"
version = "0.2.0"
source = "registry+https://github.com/rust-lang/crates.io-index"
checksum = "72b2764da894d6c8901b224df0a90e835f0bc145e05dffee68b54a9d7745f3b5"
dependencies = [
 "director_macros 0.2.0 (registry+https://github.com/rust-lang/crates.io-index)",
 "lazy_static",
 "paste",
]

[[package]]
name = "director_engine"
version = "0.1.0"

[[package]]
name = "director_macros"
version = "0.2.0"
dependencies = [
 "heck",
 "quote",
 "syn",
]

[[package]]
name = "director_macros"
version = "0.2.0"
source = "registry+https://github.com/rust-lang/crates.io-index"
checksum = "73d590305f8f3e1289705b86eea8fbaf117bd269fc4f617595e8a0ff127c468e"
dependencies = [
 "heck",
 "quote",
 "syn",
]

[[package]]
name = "heck"
version = "0.4.0"
source = "registry+https://github.com/rust-lang/crates.io-index"
checksum = "2540771e65fc8cb83cd6e8a237f70c319bd5c29f78ed1084ba5d50eeac86f7f9"

[[package]]
name = "lazy_static"
version = "1.4.0"
source = "registry+https://github.com/rust-lang/crates.io-index"
checksum = "e2abad23fbc42b3700f2f279844dc832adb2b2eb069b2df918f455c4e18cc646"

[[package]]
name = "paste"
version = "1.0.9"
source = "registry+https://github.com/rust-lang/crates.io-index"
checksum = "b1de2e551fb905ac83f73f7aedf2f0cb4a0da7e35efa24a202a936269f1f18e1"

[[package]]
name = "proc-macro2"
version = "1.0.43"
source = "registry+https://github.com/rust-lang/crates.io-index"
checksum = "0a2ca2c61bc9f3d74d2886294ab7b9853abd9c1ad903a3ac7815c58989bb7bab"
dependencies = [
 "unicode-ident",
]

[[package]]
name = "quote"
version = "1.0.21"
source = "registry+https://github.com/rust-lang/crates.io-index"
checksum = "bbe448f377a7d6961e30f5955f9b8d106c3f5e449d493ee1b125c1d43c2b5179"
dependencies = [
 "proc-macro2",
]

[[package]]
name = "syn"
version = "1.0.99"
source = "registry+https://github.com/rust-lang/crates.io-index"
checksum = "58dbef6ec655055e20b86b15a8cc6d439cca19b667537ac6a1369572d151ab13"
dependencies = [
 "proc-macro2",
 "quote",
 "unicode-ident",
]

[[package]]
name = "unicode-ident"
version = "1.0.3"
source = "registry+https://github.com/rust-lang/crates.io-index"
checksum = "c4f5b37a154999a8f3f98cc23a628d850e154479cd94decf3414696e12e31aaf"
